
Microsoft Visual Studio Solution File, Format Version 12.00
# Visual Studio Version 16
VisualStudioVersion = 16.0.35229.62
MinimumVisualStudioVersion = 10.0.40219.1
Project("{FAE04EC0-301F-11D3-BF4B-00C04F79EFBC}") = "Crudoperationsproject", "Crudoperationsproject\Crudoperationsproject.csproj", "{5B6F02DB-5FA5-430B-8518-A59C51D56FE5}"
EndProject
Global
	GlobalSection(SolutionConfigurationPlatforms) = preSolution
		Debug|Any CPU = Debug|Any CPU
		Release|Any CPU = Release|Any CPU
	EndGlobalSection
	GlobalSection(ProjectConfigurationPlatforms) = postSolution
		{5B6F02DB-5FA5-430B-8518-A59C51D56FE5}.Debug|Any CPU.ActiveCfg = Debug|Any CPU
		{5B6F02DB-5FA5-430B-8518-A59C51D56FE5}.Debug|Any CPU.Build.0 = Debug|Any CPU
		{5B6F02DB-5FA5-430B-8518-A59C51D56FE5}.Release|Any CPU.ActiveCfg = Release|Any CPU
		{5B6F02DB-5FA5-430B-8518-A59C51D56FE5}.Release|Any CPU.Build.0 = Release|Any CPU
	EndGlobalSection
	GlobalSection(SolutionProperties) = preSolution
		HideSolutionNode = FALSE
	EndGlobalSection
	GlobalSection(ExtensibilityGlobals) = postSolution
		SolutionGuid = {5B186111-B45D-4B8A-9E74-02412B663D1C}
	EndGlobalSection
EndGlobal
